# THIS IS AN AUTOGENERATED FILE. DO NOT EDIT THIS FILE DIRECTLY.
# yarn lockfile v1


"@types/punycode@^2.1.0":
  version "2.1.0"
  resolved "https://registry.yarnpkg.com/@types/punycode/-/punycode-2.1.0.tgz#89e4f3d09b3f92e87a80505af19be7e0c31d4e83"

punycode@^2.1.1:
  version "2.1.1"
  resolved "https://registry.yarnpkg.com/punycode/-/punycode-2.1.1.tgz#b58b010ac40c22c5657616c8d2c2c02c7bf479ec"

url-black-list@^1.0.1:
  version "1.0.1"
  resolved "https://registry.yarnpkg.com/url-black-list/-/url-black-list-1.0.1.tgz#1cc2765cefce41cb0c9ca3ff86bb6f45092e98f1"
  dependencies:
    "@types/punycode" "^2.1.0"
    punycode "^2.1.1"
